<?xml version="1.0" encoding="UTF-8"?>
<Scheme
   LastUpgradeVersion = "1600"
   version = "2.2">
   <BuildAction
      parallelizeBuildables = "YES"
      buildImplicitDependencies = "YES"
      buildArchitectures = "Automatic">
      <BuildActionEntries>
         <BuildActionEntry
            buildForTesting = "YES"
            buildForRunning = "YES"
            buildForProfiling = "YES"
            buildForArchiving = "YES"
            buildForAnalyzing = "YES">
            <BuildableReference
               BuildableIdentifier = "primary"
               BlueprintIdentifier = "28BBED3C2C62B99100A2B2FF"
               BuildableName = "python"
               BlueprintName = "python"
               ReferencedContainer = "container:python.xcodeproj">
            </BuildableReference>
         </BuildActionEntry>
         <BuildActionEntry
            buildForTesting = "YES"
            buildForRunning = "NO"
            buildForProfiling = "NO"
            buildForArchiving = "NO"
            buildForAnalyzing = "NO">
            <AutocreatedTestPlanReference>
            </AutocreatedTestPlanReference>
         </BuildActionEntry>
      </BuildActionEntries>
   </BuildAction>
   <TestAction
      buildConfiguration = "Debug"
      selectedDebuggerIdentifier = "Xcode.DebuggerFoundation.Debugger.LLDB"
      selectedLauncherIdentifier = "Xcode.DebuggerFoundation.Launcher.LLDB"
      shouldUseLaunchSchemeArgsEnv = "YES"
      shouldAutocreateTestPlan = "YES">
   </TestAction>
   <LaunchAction
      buildConfiguration = "Debug"
      selectedDebuggerIdentifier = ""
      selectedLauncherIdentifier = "Xcode.IDEFoundation.Launcher.PosixSpawn"
      debugAsWhichUser = "root"
      customLLDBInitFile = "/Users/viktorkrauskin/Documents/python"
      launchStyle = "0"
      useCustomWorkingDirectory = "YES"
      customWorkingDirectory = "/Users/viktorkrauskin/Documents/python"
      ignoresPersistentStateOnLaunch = "NO"
      debugDocumentVersioning = "YES"
      debugServiceExtension = "internal"
      allowLocationSimulation = "YES"
      consoleMode = "0"
      structuredConsoleMode = "2">
      <PathRunnable
         runnableDebuggingMode = "0"
         FilePath = "/usr/bin/python3">
      </PathRunnable>
      <MacroExpansion>
         <BuildableReference
            BuildableIdentifier = "primary"
            BlueprintIdentifier = "28BBED3C2C62B99100A2B2FF"
            BuildableName = "python"
            BlueprintName = "python"
            ReferencedContainer = "container:python.xcodeproj">
         </BuildableReference>
      </MacroExpansion>
      <CommandLineArguments>
         <CommandLineArgument
            argument = "python.py"
            isEnabled = "NO">
         </CommandLineArgument>
         <CommandLineArgument
            argument = "shem"
            isEnabled = "NO">
         </CommandLineArgument>
         <CommandLineArgument
            argument = "shem.py"
            isEnabled = "NO">
         </CommandLineArgument>
         <CommandLineArgument
            argument = "mes.py"
            isEnabled = "NO">
         </CommandLineArgument>
         <CommandLineArgument
            argument = "v.py"
            isEnabled = "NO">
         </CommandLineArgument>
         <CommandLineArgument
            argument = "pi.py"
            isEnabled = "NO">
         </CommandLineArgument>
         <CommandLineArgument
            argument = "vi.py"
            isEnabled = "NO">
         </CommandLineArgument>
         <CommandLineArgument
            argument = "p.py"
            isEnabled = "YES">
         </CommandLineArgument>
         <CommandLineArgument
            argument = "grafs.py"
            isEnabled = "NO">
         </CommandLineArgument>
         <CommandLineArgument
            argument = "i.py"
            isEnabled = "NO">
         </CommandLineArgument>
      </CommandLineArguments>
      <EnvironmentVariables>
         <EnvironmentVariable
            key = "IDEPreferLogStreaming"
            value = "YES"
            isEnabled = "YES">
         </EnvironmentVariable>
      </EnvironmentVariables>
   </LaunchAction>
   <ProfileAction
      buildConfiguration = "Release"
      shouldUseLaunchSchemeArgsEnv = "YES"
      savedToolIdentifier = ""
      useCustomWorkingDirectory = "NO"
      debugDocumentVersioning = "YES">
      <MacroExpansion>
         <BuildableReference
            BuildableIdentifier = "primary"
            BlueprintIdentifier = "28BBED3C2C62B99100A2B2FF"
            BuildableName = "python"
            BlueprintName = "python"
            ReferencedContainer = "container:python.xcodeproj">
         </BuildableReference>
      </MacroExpansion>
   </ProfileAction>
   <AnalyzeAction
      buildConfiguration = "Debug">
   </AnalyzeAction>
   <ArchiveAction
      buildConfiguration = "Release"
      revealArchiveInOrganizer = "YES">
   </ArchiveAction>
</Scheme>
